
Microsoft Visual Studio Solution File, Format Version 12.00
# Visual Studio Version 16
VisualStudioVersion = 16.0.31112.23
MinimumVisualStudioVersion = 10.0.40219.1
Project("{2150E333-8FDC-42A3-9474-1A3956D46DE8}") = "Src", "Src", "{7B9A0D92-FA8A-41AD-A1FD-296D0C2F896A}"
	ProjectSection(SolutionItems) = preProject
		game.db = game.db
	EndProjectSection
EndProject
Project("{9A19103F-16F7-4668-BE54-9A1E7A4F7556}") = "ICanRead.Core", "ICanRead\ICanRead.Core\ICanRead.Core.csproj", "{865330A4-5B96-4AE2-B4F5-4602F878641C}"
EndProject
Project("{FAE04EC0-301F-11D3-BF4B-00C04F79EFBC}") = "ICanRead.Droid", "ICanRead\ICanRead.Droid\ICanRead.Droid.csproj", "{EF80A987-2E50-404D-8874-4D62973878C7}"
EndProject
Project("{FAE04EC0-301F-11D3-BF4B-00C04F79EFBC}") = "ICanRead.iOS", "ICanRead\ICanRead.iOS\ICanRead.iOS.csproj", "{04518271-2F21-44F3-A029-4809650A9D04}"
EndProject
Project("{FAE04EC0-301F-11D3-BF4B-00C04F79EFBC}") = "ICanRead.UWP", "ICanRead\ICanRead.UWP\ICanRead.UWP.csproj", "{8B996295-B2D0-46EE-BE2E-4DA12076A06A}"
EndProject
Project("{2150E333-8FDC-42A3-9474-1A3956D46DE8}") = "Tests", "Tests", "{63965A55-59CA-4026-A618-BE34E867E69C}"
EndProject
Project("{FAE04EC0-301F-11D3-BF4B-00C04F79EFBC}") = "ICanRead.UITests", "ICanRead\ICanRead.UITests\ICanRead.UITests.csproj", "{316FD6A3-2C95-4A36-B7B6-5ADC7EB1F0D6}"
EndProject
Project("{9A19103F-16F7-4668-BE54-9A1E7A4F7556}") = "ICanRead.UnitTest", "ICanRead.UnitTest\ICanRead.UnitTest.csproj", "{304C8ED5-B5C3-4302-895A-5166E5852FAE}"
EndProject
Project("{2150E333-8FDC-42A3-9474-1A3956D46DE8}") = "Utils", "Utils", "{97A891C9-6197-4F09-B6BB-1B6DE879FB20}"
EndProject
Project("{FAE04EC0-301F-11D3-BF4B-00C04F79EFBC}") = "LevelsCreator", "LevelsCreator\LevelsCreator.csproj", "{F9738369-BF61-445A-A881-FD3A71F57EEE}"
EndProject
Global
	GlobalSection(SolutionConfigurationPlatforms) = preSolution
		Ad-Hoc|Any CPU = Ad-Hoc|Any CPU
		Ad-Hoc|ARM = Ad-Hoc|ARM
		Ad-Hoc|iPhone = Ad-Hoc|iPhone
		Ad-Hoc|iPhoneSimulator = Ad-Hoc|iPhoneSimulator
		Ad-Hoc|x64 = Ad-Hoc|x64
		Ad-Hoc|x86 = Ad-Hoc|x86
		AppStore|Any CPU = AppStore|Any CPU
		AppStore|ARM = AppStore|ARM
		AppStore|iPhone = AppStore|iPhone
		AppStore|iPhoneSimulator = AppStore|iPhoneSimulator
		AppStore|x64 = AppStore|x64
		AppStore|x86 = AppStore|x86
		Debug|Any CPU = Debug|Any CPU
		Debug|ARM = Debug|ARM
		Debug|iPhone = Debug|iPhone
		Debug|iPhoneSimulator = Debug|iPhoneSimulator
		Debug|x64 = Debug|x64
		Debug|x86 = Debug|x86
		Release|Any CPU = Release|Any CPU
		Release|ARM = Release|ARM
		Release|iPhone = Release|iPhone
		Release|iPhoneSimulator = Release|iPhoneSimulator
		Release|x64 = Release|x64
		Release|x86 = Release|x86
	EndGlobalSection
	GlobalSection(ProjectConfigurationPlatforms) = postSolution
		{865330A4-5B96-4AE2-B4F5-4602F878641C}.Ad-Hoc|Any CPU.ActiveCfg = Debug|Any CPU
		{865330A4-5B96-4AE2-B4F5-4602F878641C}.Ad-Hoc|Any CPU.Build.0 = Debug|Any CPU
		{865330A4-5B96-4AE2-B4F5-4602F878641C}.Ad-Hoc|ARM.ActiveCfg = Debug|Any CPU
		{865330A4-5B96-4AE2-B4F5-4602F878641C}.Ad-Hoc|ARM.Build.0 = Debug|Any CPU
		{865330A4-5B96-4AE2-B4F5-4602F878641C}.Ad-Hoc|iPhone.ActiveCfg = Debug|Any CPU
		{865330A4-5B96-4AE2-B4F5-4602F878641C}.Ad-Hoc|iPhone.Build.0 = Debug|Any CPU
		{865330A4-5B96-4AE2-B4F5-4602F878641C}.Ad-Hoc|iPhoneSimulator.ActiveCfg = Debug|Any CPU
		{865330A4-5B96-4AE2-B4F5-4602F878641C}.Ad-Hoc|iPhoneSimulator.Build.0 = Debug|Any CPU
		{865330A4-5B96-4AE2-B4F5-4602F878641C}.Ad-Hoc|x64.ActiveCfg = Debug|Any CPU
		{865330A4-5B96-4AE2-B4F5-4602F878641C}.Ad-Hoc|x64.Build.0 = Debug|Any CPU
		{865330A4-5B96-4AE2-B4F5-4602F878641C}.Ad-Hoc|x86.ActiveCfg = Debug|Any CPU
		{865330A4-5B96-4AE2-B4F5-4602F878641C}.Ad-Hoc|x86.Build.0 = Debug|Any CPU
		{865330A4-5B96-4AE2-B4F5-4602F878641C}.AppStore|Any CPU.ActiveCfg = Debug|Any CPU
		{865330A4-5B96-4AE2-B4F5-4602F878641C}.AppStore|Any CPU.Build.0 = Debug|Any CPU
		{865330A4-5B96-4AE2-B4F5-4602F878641C}.AppStore|ARM.ActiveCfg = Debug|Any CPU
		{865330A4-5B96-4AE2-B4F5-4602F878641C}.AppStore|ARM.Build.0 = Debug|Any CPU
		{865330A4-5B96-4AE2-B4F5-4602F878641C}.AppStore|iPhone.ActiveCfg = Debug|Any CPU
		{865330A4-5B96-4AE2-B4F5-4602F878641C}.AppStore|iPhone.Build.0 = Debug|Any CPU
		{865330A4-5B96-4AE2-B4F5-4602F878641C}.AppStore|iPhoneSimulator.ActiveCfg = Debug|Any CPU
		{865330A4-5B96-4AE2-B4F5-4602F878641C}.AppStore|iPhoneSimulator.Build.0 = Debug|Any CPU
		{865330A4-5B96-4AE2-B4F5-4602F878641C}.AppStore|x64.ActiveCfg = Debug|Any CPU
		{865330A4-5B96-4AE2-B4F5-4602F878641C}.AppStore|x64.Build.0 = Debug|Any CPU
		{865330A4-5B96-4AE2-B4F5-4602F878641C}.AppStore|x86.ActiveCfg = Debug|Any CPU
		{865330A4-5B96-4AE2-B4F5-4602F878641C}.AppStore|x86.Build.0 = Debug|Any CPU
		{865330A4-5B96-4AE2-B4F5-4602F878641C}.Debug|Any CPU.ActiveCfg = Debug|Any CPU
		{865330A4-5B96-4AE2-B4F5-4602F878641C}.Debug|Any CPU.Build.0 = Debug|Any CPU
		{865330A4-5B96-4AE2-B4F5-4602F878641C}.Debug|ARM.ActiveCfg = Debug|Any CPU
		{865330A4-5B96-4AE2-B4F5-4602F878641C}.Debug|ARM.Build.0 = Debug|Any CPU
		{865330A4-5B96-4AE2-B4F5-4602F878641C}.Debug|iPhone.ActiveCfg = Debug|Any CPU
		{865330A4-5B96-4AE2-B4F5-4602F878641C}.Debug|iPhone.Build.0 = Debug|Any CPU
		{865330A4-5B96-4AE2-B4F5-4602F878641C}.Debug|iPhoneSimulator.ActiveCfg = Debug|Any CPU
		{865330A4-5B96-4AE2-B4F5-4602F878641C}.Debug|iPhoneSimulator.Build.0 = Debug|Any CPU
		{865330A4-5B96-4AE2-B4F5-4602F878641C}.Debug|x64.ActiveCfg = Debug|Any CPU
		{865330A4-5B96-4AE2-B4F5-4602F878641C}.Debug|x64.Build.0 = Debug|Any CPU
		{865330A4-5B96-4AE2-B4F5-4602F878641C}.Debug|x86.ActiveCfg = Debug|Any CPU
		{865330A4-5B96-4AE2-B4F5-4602F878641C}.Debug|x86.Build.0 = Debug|Any CPU
		{865330A4-5B96-4AE2-B4F5-4602F878641C}.Release|Any CPU.ActiveCfg = Release|Any CPU
		{865330A4-5B96-4AE2-B4F5-4602F878641C}.Release|Any CPU.Build.0 = Release|Any CPU
		{865330A4-5B96-4AE2-B4F5-4602F878641C}.Release|ARM.ActiveCfg = Release|Any CPU
		{865330A4-5B96-4AE2-B4F5-4602F878641C}.Release|ARM.Build.0 = Release|Any CPU
		{865330A4-5B96-4AE2-B4F5-4602F878641C}.Release|iPhone.ActiveCfg = Release|Any CPU
		{865330A4-5B96-4AE2-B4F5-4602F878641C}.Release|iPhone.Build.0 = Release|Any CPU
		{865330A4-5B96-4AE2-B4F5-4602F878641C}.Release|iPhoneSimulator.ActiveCfg = Release|Any CPU
		{865330A4-5B96-4AE2-B4F5-4602F878641C}.Release|iPhoneSimulator.Build.0 = Release|Any CPU
		{865330A4-5B96-4AE2-B4F5-4602F878641C}.Release|x64.ActiveCfg = Release|Any CPU
		{865330A4-5B96-4AE2-B4F5-4602F878641C}.Release|x64.Build.0 = Release|Any CPU
		{865330A4-5B96-4AE2-B4F5-4602F878641C}.Release|x86.ActiveCfg = Release|Any CPU
		{865330A4-5B96-4AE2-B4F5-4602F878641C}.Release|x86.Build.0 = Release|Any CPU
		{EF80A987-2E50-404D-8874-4D62973878C7}.Ad-Hoc|Any CPU.ActiveCfg = Release|Any CPU
		{EF80A987-2E50-404D-8874-4D62973878C7}.Ad-Hoc|Any CPU.Build.0 = Release|Any CPU
		{EF80A987-2E50-404D-8874-4D62973878C7}.Ad-Hoc|Any CPU.Deploy.0 = Release|Any CPU
		{EF80A987-2E50-404D-8874-4D62973878C7}.Ad-Hoc|ARM.ActiveCfg = Release|Any CPU
		{EF80A987-2E50-404D-8874-4D62973878C7}.Ad-Hoc|ARM.Build.0 = Release|Any CPU
		{EF80A987-2E50-404D-8874-4D62973878C7}.Ad-Hoc|ARM.Deploy.0 = Release|Any CPU
		{EF80A987-2E50-404D-8874-4D62973878C7}.Ad-Hoc|iPhone.ActiveCfg = Release|Any CPU
		{EF80A987-2E50-404D-8874-4D62973878C7}.Ad-Hoc|iPhone.Build.0 = Release|Any CPU
		{EF80A987-2E50-404D-8874-4D62973878C7}.Ad-Hoc|iPhone.Deploy.0 = Release|Any CPU
		{EF80A987-2E50-404D-8874-4D62973878C7}.Ad-Hoc|iPhoneSimulator.ActiveCfg = Release|Any CPU
		{EF80A987-2E50-404D-8874-4D62973878C7}.Ad-Hoc|iPhoneSimulator.Build.0 = Release|Any CPU
		{EF80A987-2E50-404D-8874-4D62973878C7}.Ad-Hoc|iPhoneSimulator.Deploy.0 = Release|Any CPU
		{EF80A987-2E50-404D-8874-4D62973878C7}.Ad-Hoc|x64.ActiveCfg = Release|Any CPU
		{EF80A987-2E50-404D-8874-4D62973878C7}.Ad-Hoc|x64.Build.0 = Release|Any CPU
		{EF80A987-2E50-404D-8874-4D62973878C7}.Ad-Hoc|x64.Deploy.0 = Release|Any CPU
		{EF80A987-2E50-404D-8874-4D62973878C7}.Ad-Hoc|x86.ActiveCfg = Release|Any CPU
		{EF80A987-2E50-404D-8874-4D62973878C7}.Ad-Hoc|x86.Build.0 = Release|Any CPU
		{EF80A987-2E50-404D-8874-4D62973878C7}.Ad-Hoc|x86.Deploy.0 = Release|Any CPU
		{EF80A987-2E50-404D-8874-4D62973878C7}.AppStore|Any CPU.ActiveCfg = Release|Any CPU
		{EF80A987-2E50-404D-8874-4D62973878C7}.AppStore|Any CPU.Build.0 = Release|Any CPU
		{EF80A987-2E50-404D-8874-4D62973878C7}.AppStore|Any CPU.Deploy.0 = Release|Any CPU
		{EF80A987-2E50-404D-8874-4D62973878C7}.AppStore|ARM.ActiveCfg = Release|Any CPU
		{EF80A987-2E50-404D-8874-4D62973878C7}.AppStore|ARM.Build.0 = Release|Any CPU
		{EF80A987-2E50-404D-8874-4D62973878C7}.AppStore|ARM.Deploy.0 = Release|Any CPU
		{EF80A987-2E50-404D-8874-4D62973878C7}.AppStore|iPhone.ActiveCfg = Release|Any CPU
		{EF80A987-2E50-404D-8874-4D62973878C7}.AppStore|iPhone.Build.0 = Release|Any CPU
		{EF80A987-2E50-404D-8874-4D62973878C7}.AppStore|iPhone.Deploy.0 = Release|Any CPU
		{EF80A987-2E50-404D-8874-4D62973878C7}.AppStore|iPhoneSimulator.ActiveCfg = Release|Any CPU
		{EF80A987-2E50-404D-8874-4D62973878C7}.AppStore|iPhoneSimulator.Build.0 = Release|Any CPU
		{EF80A987-2E50-404D-8874-4D62973878C7}.AppStore|iPhoneSimulator.Deploy.0 = Release|Any CPU
		{EF80A987-2E50-404D-8874-4D62973878C7}.AppStore|x64.ActiveCfg = Release|Any CPU
		{EF80A987-2E50-404D-8874-4D62973878C7}.AppStore|x64.Build.0 = Release|Any CPU
		{EF80A987-2E50-404D-8874-4D62973878C7}.AppStore|x64.Deploy.0 = Release|Any CPU
		{EF80A987-2E50-404D-8874-4D62973878C7}.AppStore|x86.ActiveCfg = Release|Any CPU
		{EF80A987-2E50-404D-8874-4D62973878C7}.AppStore|x86.Build.0 = Release|Any CPU
		{EF80A987-2E50-404D-8874-4D62973878C7}.AppStore|x86.Deploy.0 = Release|Any CPU
		{EF80A987-2E50-404D-8874-4D62973878C7}.Debug|Any CPU.ActiveCfg = Debug|Any CPU
		{EF80A987-2E50-404D-8874-4D62973878C7}.Debug|Any CPU.Build.0 = Debug|Any CPU
		{EF80A987-2E50-404D-8874-4D62973878C7}.Debug|Any CPU.Deploy.0 = Debug|Any CPU
		{EF80A987-2E50-404D-8874-4D62973878C7}.Debug|ARM.ActiveCfg = Debug|Any CPU
		{EF80A987-2E50-404D-8874-4D62973878C7}.Debug|ARM.Build.0 = Debug|Any CPU
		{EF80A987-2E50-404D-8874-4D62973878C7}.Debug|ARM.Deploy.0 = Debug|Any CPU
		{EF80A987-2E50-404D-8874-4D62973878C7}.Debug|iPhone.ActiveCfg = Debug|Any CPU
		{EF80A987-2E50-404D-8874-4D62973878C7}.Debug|iPhone.Build.0 = Debug|Any CPU
		{EF80A987-2E50-404D-8874-4D62973878C7}.Debug|iPhone.Deploy.0 = Debug|Any CPU
		{EF80A987-2E50-404D-8874-4D62973878C7}.Debug|iPhoneSimulator.ActiveCfg = Debug|Any CPU
		{EF80A987-2E50-404D-8874-4D62973878C7}.Debug|iPhoneSimulator.Build.0 = Debug|Any CPU
		{EF80A987-2E50-404D-8874-4D62973878C7}.Debug|iPhoneSimulator.Deploy.0 = Debug|Any CPU
		{EF80A987-2E50-404D-8874-4D62973878C7}.Debug|x64.ActiveCfg = Debug|Any CPU
		{EF80A987-2E50-404D-8874-4D62973878C7}.Debug|x64.Build.0 = Debug|Any CPU
		{EF80A987-2E50-404D-8874-4D62973878C7}.Debug|x64.Deploy.0 = Debug|Any CPU
		{EF80A987-2E50-404D-8874-4D62973878C7}.Debug|x86.ActiveCfg = Debug|Any CPU
		{EF80A987-2E50-404D-8874-4D62973878C7}.Debug|x86.Build.0 = Debug|Any CPU
		{EF80A987-2E50-404D-8874-4D62973878C7}.Debug|x86.Deploy.0 = Debug|Any CPU
		{EF80A987-2E50-404D-8874-4D62973878C7}.Release|Any CPU.ActiveCfg = Release|Any CPU
		{EF80A987-2E50-404D-8874-4D62973878C7}.Release|Any CPU.Build.0 = Release|Any CPU
		{EF80A987-2E50-404D-8874-4D62973878C7}.Release|Any CPU.Deploy.0 = Release|Any CPU
		{EF80A987-2E50-404D-8874-4D62973878C7}.Release|ARM.ActiveCfg = Release|Any CPU
		{EF80A987-2E50-404D-8874-4D62973878C7}.Release|ARM.Build.0 = Release|Any CPU
		{EF80A987-2E50-404D-8874-4D62973878C7}.Release|ARM.Deploy.0 = Release|Any CPU
		{EF80A987-2E50-404D-8874-4D62973878C7}.Release|iPhone.ActiveCfg = Release|Any CPU
		{EF80A987-2E50-404D-8874-4D62973878C7}.Release|iPhone.Build.0 = Release|Any CPU
		{EF80A987-2E50-404D-8874-4D62973878C7}.Release|iPhone.Deploy.0 = Release|Any CPU
		{EF80A987-2E50-404D-8874-4D62973878C7}.Release|iPhoneSimulator.ActiveCfg = Release|Any CPU
		{EF80A987-2E50-404D-8874-4D62973878C7}.Release|iPhoneSimulator.Build.0 = Release|Any CPU
		{EF80A987-2E50-404D-8874-4D62973878C7}.Release|iPhoneSimulator.Deploy.0 = Release|Any CPU
		{EF80A987-2E50-404D-8874-4D62973878C7}.Release|x64.ActiveCfg = Release|Any CPU
		{EF80A987-2E50-404D-8874-4D62973878C7}.Release|x64.Build.0 = Release|Any CPU
		{EF80A987-2E50-404D-8874-4D62973878C7}.Release|x64.Deploy.0 = Release|Any CPU
		{EF80A987-2E50-404D-8874-4D62973878C7}.Release|x86.ActiveCfg = Release|Any CPU
		{EF80A987-2E50-404D-8874-4D62973878C7}.Release|x86.Build.0 = Release|Any CPU
		{EF80A987-2E50-404D-8874-4D62973878C7}.Release|x86.Deploy.0 = Release|Any CPU
		{04518271-2F21-44F3-A029-4809650A9D04}.Ad-Hoc|Any CPU.ActiveCfg = Ad-Hoc|iPhone
		{04518271-2F21-44F3-A029-4809650A9D04}.Ad-Hoc|ARM.ActiveCfg = Ad-Hoc|iPhone
		{04518271-2F21-44F3-A029-4809650A9D04}.Ad-Hoc|iPhone.ActiveCfg = Ad-Hoc|iPhone
		{04518271-2F21-44F3-A029-4809650A9D04}.Ad-Hoc|iPhone.Build.0 = Ad-Hoc|iPhone
		{04518271-2F21-44F3-A029-4809650A9D04}.Ad-Hoc|iPhoneSimulator.ActiveCfg = Ad-Hoc|iPhoneSimulator
		{04518271-2F21-44F3-A029-4809650A9D04}.Ad-Hoc|iPhoneSimulator.Build.0 = Ad-Hoc|iPhoneSimulator
		{04518271-2F21-44F3-A029-4809650A9D04}.Ad-Hoc|x64.ActiveCfg = Ad-Hoc|iPhone
		{04518271-2F21-44F3-A029-4809650A9D04}.Ad-Hoc|x86.ActiveCfg = Ad-Hoc|iPhone
		{04518271-2F21-44F3-A029-4809650A9D04}.AppStore|Any CPU.ActiveCfg = AppStore|iPhone
		{04518271-2F21-44F3-A029-4809650A9D04}.AppStore|ARM.ActiveCfg = AppStore|iPhone
		{04518271-2F21-44F3-A029-4809650A9D04}.AppStore|iPhone.ActiveCfg = AppStore|iPhone
		{04518271-2F21-44F3-A029-4809650A9D04}.AppStore|iPhone.Build.0 = AppStore|iPhone
		{04518271-2F21-44F3-A029-4809650A9D04}.AppStore|iPhoneSimulator.ActiveCfg = AppStore|iPhoneSimulator
		{04518271-2F21-44F3-A029-4809650A9D04}.AppStore|iPhoneSimulator.Build.0 = AppStore|iPhoneSimulator
		{04518271-2F21-44F3-A029-4809650A9D04}.AppStore|x64.ActiveCfg = AppStore|iPhone
		{04518271-2F21-44F3-A029-4809650A9D04}.AppStore|x86.ActiveCfg = AppStore|iPhone
		{04518271-2F21-44F3-A029-4809650A9D04}.Debug|Any CPU.ActiveCfg = Debug|iPhone
		{04518271-2F21-44F3-A029-4809650A9D04}.Debug|ARM.ActiveCfg = Debug|iPhone
		{04518271-2F21-44F3-A029-4809650A9D04}.Debug|iPhone.ActiveCfg = Debug|iPhone
		{04518271-2F21-44F3-A029-4809650A9D04}.Debug|iPhone.Build.0 = Debug|iPhone
		{04518271-2F21-44F3-A029-4809650A9D04}.Debug|iPhoneSimulator.ActiveCfg = Debug|iPhoneSimulator
		{04518271-2F21-44F3-A029-4809650A9D04}.Debug|iPhoneSimulator.Build.0 = Debug|iPhoneSimulator
		{04518271-2F21-44F3-A029-4809650A9D04}.Debug|x64.ActiveCfg = Debug|iPhone
		{04518271-2F21-44F3-A029-4809650A9D04}.Debug|x86.ActiveCfg = Debug|iPhone
		{04518271-2F21-44F3-A029-4809650A9D04}.Release|Any CPU.ActiveCfg = Release|iPhone
		{04518271-2F21-44F3-A029-4809650A9D04}.Release|ARM.ActiveCfg = Release|iPhone
		{04518271-2F21-44F3-A029-4809650A9D04}.Release|iPhone.ActiveCfg = Release|iPhone
		{04518271-2F21-44F3-A029-4809650A9D04}.Release|iPhone.Build.0 = Release|iPhone
		{04518271-2F21-44F3-A029-4809650A9D04}.Release|iPhoneSimulator.ActiveCfg = Release|iPhoneSimulator
		{04518271-2F21-44F3-A029-4809650A9D04}.Release|iPhoneSimulator.Build.0 = Release|iPhoneSimulator
		{04518271-2F21-44F3-A029-4809650A9D04}.Release|x64.ActiveCfg = Release|iPhone
		{04518271-2F21-44F3-A029-4809650A9D04}.Release|x86.ActiveCfg = Release|iPhone
		{8B996295-B2D0-46EE-BE2E-4DA12076A06A}.Ad-Hoc|Any CPU.ActiveCfg = Release|x64
		{8B996295-B2D0-46EE-BE2E-4DA12076A06A}.Ad-Hoc|Any CPU.Build.0 = Release|x64
		{8B996295-B2D0-46EE-BE2E-4DA12076A06A}.Ad-Hoc|Any CPU.Deploy.0 = Release|x64
		{8B996295-B2D0-46EE-BE2E-4DA12076A06A}.Ad-Hoc|ARM.ActiveCfg = Release|ARM
		{8B996295-B2D0-46EE-BE2E-4DA12076A06A}.Ad-Hoc|ARM.Build.0 = Release|ARM
		{8B996295-B2D0-46EE-BE2E-4DA12076A06A}.Ad-Hoc|ARM.Deploy.0 = Release|ARM
		{8B996295-B2D0-46EE-BE2E-4DA12076A06A}.Ad-Hoc|iPhone.ActiveCfg = Release|x64
		{8B996295-B2D0-46EE-BE2E-4DA12076A06A}.Ad-Hoc|iPhone.Build.0 = Release|x64
		{8B996295-B2D0-46EE-BE2E-4DA12076A06A}.Ad-Hoc|iPhone.Deploy.0 = Release|x64
		{8B996295-B2D0-46EE-BE2E-4DA12076A06A}.Ad-Hoc|iPhoneSimulator.ActiveCfg = Release|x64
		{8B996295-B2D0-46EE-BE2E-4DA12076A06A}.Ad-Hoc|iPhoneSimulator.Build.0 = Release|x64
		{8B996295-B2D0-46EE-BE2E-4DA12076A06A}.Ad-Hoc|iPhoneSimulator.Deploy.0 = Release|x64
		{8B996295-B2D0-46EE-BE2E-4DA12076A06A}.Ad-Hoc|x64.ActiveCfg = Release|x64
		{8B996295-B2D0-46EE-BE2E-4DA12076A06A}.Ad-Hoc|x64.Build.0 = Release|x64
		{8B996295-B2D0-46EE-BE2E-4DA12076A06A}.Ad-Hoc|x64.Deploy.0 = Release|x64
		{8B996295-B2D0-46EE-BE2E-4DA12076A06A}.Ad-Hoc|x86.ActiveCfg = Release|x86
		{8B996295-B2D0-46EE-BE2E-4DA12076A06A}.Ad-Hoc|x86.Build.0 = Release|x86
		{8B996295-B2D0-46EE-BE2E-4DA12076A06A}.Ad-Hoc|x86.Deploy.0 = Release|x86
		{8B996295-B2D0-46EE-BE2E-4DA12076A06A}.AppStore|Any CPU.ActiveCfg = Release|x64
		{8B996295-B2D0-46EE-BE2E-4DA12076A06A}.AppStore|Any CPU.Build.0 = Release|x64
		{8B996295-B2D0-46EE-BE2E-4DA12076A06A}.AppStore|Any CPU.Deploy.0 = Release|x64
		{8B996295-B2D0-46EE-BE2E-4DA12076A06A}.AppStore|ARM.ActiveCfg = Release|ARM
		{8B996295-B2D0-46EE-BE2E-4DA12076A06A}.AppStore|ARM.Build.0 = Release|ARM
		{8B996295-B2D0-46EE-BE2E-4DA12076A06A}.AppStore|ARM.Deploy.0 = Release|ARM
		{8B996295-B2D0-46EE-BE2E-4DA12076A06A}.AppStore|iPhone.ActiveCfg = Release|x64
		{8B996295-B2D0-46EE-BE2E-4DA12076A06A}.AppStore|iPhone.Build.0 = Release|x64
		{8B996295-B2D0-46EE-BE2E-4DA12076A06A}.AppStore|iPhone.Deploy.0 = Release|x64
		{8B996295-B2D0-46EE-BE2E-4DA12076A06A}.AppStore|iPhoneSimulator.ActiveCfg = Release|x64
		{8B996295-B2D0-46EE-BE2E-4DA12076A06A}.AppStore|iPhoneSimulator.Build.0 = Release|x64
		{8B996295-B2D0-46EE-BE2E-4DA12076A06A}.AppStore|iPhoneSimulator.Deploy.0 = Release|x64
		{8B996295-B2D0-46EE-BE2E-4DA12076A06A}.AppStore|x64.ActiveCfg = Release|x64
		{8B996295-B2D0-46EE-BE2E-4DA12076A06A}.AppStore|x64.Build.0 = Release|x64
		{8B996295-B2D0-46EE-BE2E-4DA12076A06A}.AppStore|x64.Deploy.0 = Release|x64
		{8B996295-B2D0-46EE-BE2E-4DA12076A06A}.AppStore|x86.ActiveCfg = Release|x86
		{8B996295-B2D0-46EE-BE2E-4DA12076A06A}.AppStore|x86.Build.0 = Release|x86
		{8B996295-B2D0-46EE-BE2E-4DA12076A06A}.AppStore|x86.Deploy.0 = Release|x86
		{8B996295-B2D0-46EE-BE2E-4DA12076A06A}.Debug|Any CPU.ActiveCfg = Debug|x86
		{8B996295-B2D0-46EE-BE2E-4DA12076A06A}.Debug|ARM.ActiveCfg = Debug|ARM
		{8B996295-B2D0-46EE-BE2E-4DA12076A06A}.Debug|ARM.Build.0 = Debug|ARM
		{8B996295-B2D0-46EE-BE2E-4DA12076A06A}.Debug|ARM.Deploy.0 = Debug|ARM
		{8B996295-B2D0-46EE-BE2E-4DA12076A06A}.Debug|iPhone.ActiveCfg = Debug|x86
		{8B996295-B2D0-46EE-BE2E-4DA12076A06A}.Debug|iPhoneSimulator.ActiveCfg = Debug|x86
		{8B996295-B2D0-46EE-BE2E-4DA12076A06A}.Debug|x64.ActiveCfg = Debug|x64
		{8B996295-B2D0-46EE-BE2E-4DA12076A06A}.Debug|x64.Build.0 = Debug|x64
		{8B996295-B2D0-46EE-BE2E-4DA12076A06A}.Debug|x64.Deploy.0 = Debug|x64
		{8B996295-B2D0-46EE-BE2E-4DA12076A06A}.Debug|x86.ActiveCfg = Debug|x86
		{8B996295-B2D0-46EE-BE2E-4DA12076A06A}.Debug|x86.Build.0 = Debug|x86
		{8B996295-B2D0-46EE-BE2E-4DA12076A06A}.Debug|x86.Deploy.0 = Debug|x86
		{8B996295-B2D0-46EE-BE2E-4DA12076A06A}.Release|Any CPU.ActiveCfg = Release|x86
		{8B996295-B2D0-46EE-BE2E-4DA12076A06A}.Release|ARM.ActiveCfg = Release|ARM
		{8B996295-B2D0-46EE-BE2E-4DA12076A06A}.Release|ARM.Build.0 = Release|ARM
		{8B996295-B2D0-46EE-BE2E-4DA12076A06A}.Release|ARM.Deploy.0 = Release|ARM
		{8B996295-B2D0-46EE-BE2E-4DA12076A06A}.Release|iPhone.ActiveCfg = Release|x86
		{8B996295-B2D0-46EE-BE2E-4DA12076A06A}.Release|iPhoneSimulator.ActiveCfg = Release|x86
		{8B996295-B2D0-46EE-BE2E-4DA12076A06A}.Release|x64.ActiveCfg = Release|x64
		{8B996295-B2D0-46EE-BE2E-4DA12076A06A}.Release|x64.Build.0 = Release|x64
		{8B996295-B2D0-46EE-BE2E-4DA12076A06A}.Release|x64.Deploy.0 = Release|x64
		{8B996295-B2D0-46EE-BE2E-4DA12076A06A}.Release|x86.ActiveCfg = Release|x86
		{8B996295-B2D0-46EE-BE2E-4DA12076A06A}.Release|x86.Build.0 = Release|x86
		{8B996295-B2D0-46EE-BE2E-4DA12076A06A}.Release|x86.Deploy.0 = Release|x86
		{316FD6A3-2C95-4A36-B7B6-5ADC7EB1F0D6}.Ad-Hoc|Any CPU.ActiveCfg = Release|Any CPU
		{316FD6A3-2C95-4A36-B7B6-5ADC7EB1F0D6}.Ad-Hoc|Any CPU.Build.0 = Release|Any CPU
		{316FD6A3-2C95-4A36-B7B6-5ADC7EB1F0D6}.Ad-Hoc|ARM.ActiveCfg = Release|Any CPU
		{316FD6A3-2C95-4A36-B7B6-5ADC7EB1F0D6}.Ad-Hoc|ARM.Build.0 = Release|Any CPU
		{316FD6A3-2C95-4A36-B7B6-5ADC7EB1F0D6}.Ad-Hoc|iPhone.ActiveCfg = Release|Any CPU
		{316FD6A3-2C95-4A36-B7B6-5ADC7EB1F0D6}.Ad-Hoc|iPhone.Build.0 = Release|Any CPU
		{316FD6A3-2C95-4A36-B7B6-5ADC7EB1F0D6}.Ad-Hoc|iPhoneSimulator.ActiveCfg = Release|Any CPU
		{316FD6A3-2C95-4A36-B7B6-5ADC7EB1F0D6}.Ad-Hoc|iPhoneSimulator.Build.0 = Release|Any CPU
		{316FD6A3-2C95-4A36-B7B6-5ADC7EB1F0D6}.Ad-Hoc|x64.ActiveCfg = Release|Any CPU
		{316FD6A3-2C95-4A36-B7B6-5ADC7EB1F0D6}.Ad-Hoc|x64.Build.0 = Release|Any CPU
		{316FD6A3-2C95-4A36-B7B6-5ADC7EB1F0D6}.Ad-Hoc|x86.ActiveCfg = Release|Any CPU
		{316FD6A3-2C95-4A36-B7B6-5ADC7EB1F0D6}.Ad-Hoc|x86.Build.0 = Release|Any CPU
		{316FD6A3-2C95-4A36-B7B6-5ADC7EB1F0D6}.AppStore|Any CPU.ActiveCfg = Release|Any CPU
		{316FD6A3-2C95-4A36-B7B6-5ADC7EB1F0D6}.AppStore|Any CPU.Build.0 = Release|Any CPU
		{316FD6A3-2C95-4A36-B7B6-5ADC7EB1F0D6}.AppStore|ARM.ActiveCfg = Release|Any CPU
		{316FD6A3-2C95-4A36-B7B6-5ADC7EB1F0D6}.AppStore|ARM.Build.0 = Release|Any CPU
		{316FD6A3-2C95-4A36-B7B6-5ADC7EB1F0D6}.AppStore|iPhone.ActiveCfg = Release|Any CPU
		{316FD6A3-2C95-4A36-B7B6-5ADC7EB1F0D6}.AppStore|iPhone.Build.0 = Release|Any CPU
		{316FD6A3-2C95-4A36-B7B6-5ADC7EB1F0D6}.AppStore|iPhoneSimulator.ActiveCfg = Release|Any CPU
		{316FD6A3-2C95-4A36-B7B6-5ADC7EB1F0D6}.AppStore|iPhoneSimulator.Build.0 = Release|Any CPU
		{316FD6A3-2C95-4A36-B7B6-5ADC7EB1F0D6}.AppStore|x64.ActiveCfg = Release|Any CPU
		{316FD6A3-2C95-4A36-B7B6-5ADC7EB1F0D6}.AppStore|x64.Build.0 = Release|Any CPU
		{316FD6A3-2C95-4A36-B7B6-5ADC7EB1F0D6}.AppStore|x86.ActiveCfg = Release|Any CPU
		{316FD6A3-2C95-4A36-B7B6-5ADC7EB1F0D6}.AppStore|x86.Build.0 = Release|Any CPU
		{316FD6A3-2C95-4A36-B7B6-5ADC7EB1F0D6}.Debug|Any CPU.ActiveCfg = Debug|Any CPU
		{316FD6A3-2C95-4A36-B7B6-5ADC7EB1F0D6}.Debug|Any CPU.Build.0 = Debug|Any CPU
		{316FD6A3-2C95-4A36-B7B6-5ADC7EB1F0D6}.Debug|ARM.ActiveCfg = Debug|Any CPU
		{316FD6A3-2C95-4A36-B7B6-5ADC7EB1F0D6}.Debug|ARM.Build.0 = Debug|Any CPU
		{316FD6A3-2C95-4A36-B7B6-5ADC7EB1F0D6}.Debug|iPhone.ActiveCfg = Debug|Any CPU
		{316FD6A3-2C95-4A36-B7B6-5ADC7EB1F0D6}.Debug|iPhone.Build.0 = Debug|Any CPU
		{316FD6A3-2C95-4A36-B7B6-5ADC7EB1F0D6}.Debug|iPhoneSimulator.ActiveCfg = Debug|Any CPU
		{316FD6A3-2C95-4A36-B7B6-5ADC7EB1F0D6}.Debug|iPhoneSimulator.Build.0 = Debug|Any CPU
		{316FD6A3-2C95-4A36-B7B6-5ADC7EB1F0D6}.Debug|x64.ActiveCfg = Debug|Any CPU
		{316FD6A3-2C95-4A36-B7B6-5ADC7EB1F0D6}.Debug|x64.Build.0 = Debug|Any CPU
		{316FD6A3-2C95-4A36-B7B6-5ADC7EB1F0D6}.Debug|x86.ActiveCfg = Debug|Any CPU
		{316FD6A3-2C95-4A36-B7B6-5ADC7EB1F0D6}.Debug|x86.Build.0 = Debug|Any CPU
		{316FD6A3-2C95-4A36-B7B6-5ADC7EB1F0D6}.Release|Any CPU.ActiveCfg = Release|Any CPU
		{316FD6A3-2C95-4A36-B7B6-5ADC7EB1F0D6}.Release|Any CPU.Build.0 = Release|Any CPU
		{316FD6A3-2C95-4A36-B7B6-5ADC7EB1F0D6}.Release|ARM.ActiveCfg = Release|Any CPU
		{316FD6A3-2C95-4A36-B7B6-5ADC7EB1F0D6}.Release|ARM.Build.0 = Release|Any CPU
		{316FD6A3-2C95-4A36-B7B6-5ADC7EB1F0D6}.Release|iPhone.ActiveCfg = Release|Any CPU
		{316FD6A3-2C95-4A36-B7B6-5ADC7EB1F0D6}.Release|iPhone.Build.0 = Release|Any CPU
		{316FD6A3-2C95-4A36-B7B6-5ADC7EB1F0D6}.Release|iPhoneSimulator.ActiveCfg = Release|Any CPU
		{316FD6A3-2C95-4A36-B7B6-5ADC7EB1F0D6}.Release|iPhoneSimulator.Build.0 = Release|Any CPU
		{316FD6A3-2C95-4A36-B7B6-5ADC7EB1F0D6}.Release|x64.ActiveCfg = Release|Any CPU
		{316FD6A3-2C95-4A36-B7B6-5ADC7EB1F0D6}.Release|x64.Build.0 = Release|Any CPU
		{316FD6A3-2C95-4A36-B7B6-5ADC7EB1F0D6}.Release|x86.ActiveCfg = Release|Any CPU
		{316FD6A3-2C95-4A36-B7B6-5ADC7EB1F0D6}.Release|x86.Build.0 = Release|Any CPU
		{304C8ED5-B5C3-4302-895A-5166E5852FAE}.Ad-Hoc|Any CPU.ActiveCfg = Debug|Any CPU
		{304C8ED5-B5C3-4302-895A-5166E5852FAE}.Ad-Hoc|Any CPU.Build.0 = Debug|Any CPU
		{304C8ED5-B5C3-4302-895A-5166E5852FAE}.Ad-Hoc|ARM.ActiveCfg = Debug|Any CPU
		{304C8ED5-B5C3-4302-895A-5166E5852FAE}.Ad-Hoc|ARM.Build.0 = Debug|Any CPU
		{304C8ED5-B5C3-4302-895A-5166E5852FAE}.Ad-Hoc|iPhone.ActiveCfg = Debug|Any CPU
		{304C8ED5-B5C3-4302-895A-5166E5852FAE}.Ad-Hoc|iPhone.Build.0 = Debug|Any CPU
		{304C8ED5-B5C3-4302-895A-5166E5852FAE}.Ad-Hoc|iPhoneSimulator.ActiveCfg = Debug|Any CPU
		{304C8ED5-B5C3-4302-895A-5166E5852FAE}.Ad-Hoc|iPhoneSimulator.Build.0 = Debug|Any CPU
		{304C8ED5-B5C3-4302-895A-5166E5852FAE}.Ad-Hoc|x64.ActiveCfg = Debug|Any CPU
		{304C8ED5-B5C3-4302-895A-5166E5852FAE}.Ad-Hoc|x64.Build.0 = Debug|Any CPU
		{304C8ED5-B5C3-4302-895A-5166E5852FAE}.Ad-Hoc|x86.ActiveCfg = Debug|Any CPU
		{304C8ED5-B5C3-4302-895A-5166E5852FAE}.Ad-Hoc|x86.Build.0 = Debug|Any CPU
		{304C8ED5-B5C3-4302-895A-5166E5852FAE}.AppStore|Any CPU.ActiveCfg = Debug|Any CPU
		{304C8ED5-B5C3-4302-895A-5166E5852FAE}.AppStore|Any CPU.Build.0 = Debug|Any CPU
		{304C8ED5-B5C3-4302-895A-5166E5852FAE}.AppStore|ARM.ActiveCfg = Debug|Any CPU
		{304C8ED5-B5C3-4302-895A-5166E5852FAE}.AppStore|ARM.Build.0 = Debug|Any CPU
		{304C8ED5-B5C3-4302-895A-5166E5852FAE}.AppStore|iPhone.ActiveCfg = Debug|Any CPU
		{304C8ED5-B5C3-4302-895A-5166E5852FAE}.AppStore|iPhone.Build.0 = Debug|Any CPU
		{304C8ED5-B5C3-4302-895A-5166E5852FAE}.AppStore|iPhoneSimulator.ActiveCfg = Debug|Any CPU
		{304C8ED5-B5C3-4302-895A-5166E5852FAE}.AppStore|iPhoneSimulator.Build.0 = Debug|Any CPU
		{304C8ED5-B5C3-4302-895A-5166E5852FAE}.AppStore|x64.ActiveCfg = Debug|Any CPU
		{304C8ED5-B5C3-4302-895A-5166E5852FAE}.AppStore|x64.Build.0 = Debug|Any CPU
		{304C8ED5-B5C3-4302-895A-5166E5852FAE}.AppStore|x86.ActiveCfg = Debug|Any CPU
		{304C8ED5-B5C3-4302-895A-5166E5852FAE}.AppStore|x86.Build.0 = Debug|Any CPU
		{304C8ED5-B5C3-4302-895A-5166E5852FAE}.Debug|Any CPU.ActiveCfg = Debug|Any CPU
		{304C8ED5-B5C3-4302-895A-5166E5852FAE}.Debug|Any CPU.Build.0 = Debug|Any CPU
		{304C8ED5-B5C3-4302-895A-5166E5852FAE}.Debug|ARM.ActiveCfg = Debug|Any CPU
		{304C8ED5-B5C3-4302-895A-5166E5852FAE}.Debug|ARM.Build.0 = Debug|Any CPU
		{304C8ED5-B5C3-4302-895A-5166E5852FAE}.Debug|iPhone.ActiveCfg = Debug|Any CPU
		{304C8ED5-B5C3-4302-895A-5166E5852FAE}.Debug|iPhone.Build.0 = Debug|Any CPU
		{304C8ED5-B5C3-4302-895A-5166E5852FAE}.Debug|iPhoneSimulator.ActiveCfg = Debug|Any CPU
		{304C8ED5-B5C3-4302-895A-5166E5852FAE}.Debug|iPhoneSimulator.Build.0 = Debug|Any CPU
		{304C8ED5-B5C3-4302-895A-5166E5852FAE}.Debug|x64.ActiveCfg = Debug|Any CPU
		{304C8ED5-B5C3-4302-895A-5166E5852FAE}.Debug|x64.Build.0 = Debug|Any CPU
		{304C8ED5-B5C3-4302-895A-5166E5852FAE}.Debug|x86.ActiveCfg = Debug|Any CPU
		{304C8ED5-B5C3-4302-895A-5166E5852FAE}.Debug|x86.Build.0 = Debug|Any CPU
		{304C8ED5-B5C3-4302-895A-5166E5852FAE}.Release|Any CPU.ActiveCfg = Release|Any CPU
		{304C8ED5-B5C3-4302-895A-5166E5852FAE}.Release|Any CPU.Build.0 = Release|Any CPU
		{304C8ED5-B5C3-4302-895A-5166E5852FAE}.Release|ARM.ActiveCfg = Release|Any CPU
		{304C8ED5-B5C3-4302-895A-5166E5852FAE}.Release|ARM.Build.0 = Release|Any CPU
		{304C8ED5-B5C3-4302-895A-5166E5852FAE}.Release|iPhone.ActiveCfg = Release|Any CPU
		{304C8ED5-B5C3-4302-895A-5166E5852FAE}.Release|iPhone.Build.0 = Release|Any CPU
		{304C8ED5-B5C3-4302-895A-5166E5852FAE}.Release|iPhoneSimulator.ActiveCfg = Release|Any CPU
		{304C8ED5-B5C3-4302-895A-5166E5852FAE}.Release|iPhoneSimulator.Build.0 = Release|Any CPU
		{304C8ED5-B5C3-4302-895A-5166E5852FAE}.Release|x64.ActiveCfg = Release|Any CPU
		{304C8ED5-B5C3-4302-895A-5166E5852FAE}.Release|x64.Build.0 = Release|Any CPU
		{304C8ED5-B5C3-4302-895A-5166E5852FAE}.Release|x86.ActiveCfg = Release|Any CPU
		{304C8ED5-B5C3-4302-895A-5166E5852FAE}.Release|x86.Build.0 = Release|Any CPU
		{F9738369-BF61-445A-A881-FD3A71F57EEE}.Ad-Hoc|Any CPU.ActiveCfg = Debug|Any CPU
		{F9738369-BF61-445A-A881-FD3A71F57EEE}.Ad-Hoc|Any CPU.Build.0 = Debug|Any CPU
		{F9738369-BF61-445A-A881-FD3A71F57EEE}.Ad-Hoc|ARM.ActiveCfg = Debug|Any CPU
		{F9738369-BF61-445A-A881-FD3A71F57EEE}.Ad-Hoc|ARM.Build.0 = Debug|Any CPU
		{F9738369-BF61-445A-A881-FD3A71F57EEE}.Ad-Hoc|iPhone.ActiveCfg = Debug|Any CPU
		{F9738369-BF61-445A-A881-FD3A71F57EEE}.Ad-Hoc|iPhone.Build.0 = Debug|Any CPU
		{F9738369-BF61-445A-A881-FD3A71F57EEE}.Ad-Hoc|iPhoneSimulator.ActiveCfg = Debug|Any CPU
		{F9738369-BF61-445A-A881-FD3A71F57EEE}.Ad-Hoc|iPhoneSimulator.Build.0 = Debug|Any CPU
		{F9738369-BF61-445A-A881-FD3A71F57EEE}.Ad-Hoc|x64.ActiveCfg = Debug|Any CPU
		{F9738369-BF61-445A-A881-FD3A71F57EEE}.Ad-Hoc|x64.Build.0 = Debug|Any CPU
		{F9738369-BF61-445A-A881-FD3A71F57EEE}.Ad-Hoc|x86.ActiveCfg = Debug|Any CPU
		{F9738369-BF61-445A-A881-FD3A71F57EEE}.Ad-Hoc|x86.Build.0 = Debug|Any CPU
		{F9738369-BF61-445A-A881-FD3A71F57EEE}.AppStore|Any CPU.ActiveCfg = Debug|Any CPU
		{F9738369-BF61-445A-A881-FD3A71F57EEE}.AppStore|Any CPU.Build.0 = Debug|Any CPU
		{F9738369-BF61-445A-A881-FD3A71F57EEE}.AppStore|ARM.ActiveCfg = Debug|Any CPU
		{F9738369-BF61-445A-A881-FD3A71F57EEE}.AppStore|ARM.Build.0 = Debug|Any CPU
		{F9738369-BF61-445A-A881-FD3A71F57EEE}.AppStore|iPhone.ActiveCfg = Debug|Any CPU
		{F9738369-BF61-445A-A881-FD3A71F57EEE}.AppStore|iPhone.Build.0 = Debug|Any CPU
		{F9738369-BF61-445A-A881-FD3A71F57EEE}.AppStore|iPhoneSimulator.ActiveCfg = Debug|Any CPU
		{F9738369-BF61-445A-A881-FD3A71F57EEE}.AppStore|iPhoneSimulator.Build.0 = Debug|Any CPU
		{F9738369-BF61-445A-A881-FD3A71F57EEE}.AppStore|x64.ActiveCfg = Debug|Any CPU
		{F9738369-BF61-445A-A881-FD3A71F57EEE}.AppStore|x64.Build.0 = Debug|Any CPU
		{F9738369-BF61-445A-A881-FD3A71F57EEE}.AppStore|x86.ActiveCfg = Debug|Any CPU
		{F9738369-BF61-445A-A881-FD3A71F57EEE}.AppStore|x86.Build.0 = Debug|Any CPU
		{F9738369-BF61-445A-A881-FD3A71F57EEE}.Debug|Any CPU.ActiveCfg = Debug|Any CPU
		{F9738369-BF61-445A-A881-FD3A71F57EEE}.Debug|Any CPU.Build.0 = Debug|Any CPU
		{F9738369-BF61-445A-A881-FD3A71F57EEE}.Debug|ARM.ActiveCfg = Debug|Any CPU
		{F9738369-BF61-445A-A881-FD3A71F57EEE}.Debug|ARM.Build.0 = Debug|Any CPU
		{F9738369-BF61-445A-A881-FD3A71F57EEE}.Debug|iPhone.ActiveCfg = Debug|Any CPU
		{F9738369-BF61-445A-A881-FD3A71F57EEE}.Debug|iPhone.Build.0 = Debug|Any CPU
		{F9738369-BF61-445A-A881-FD3A71F57EEE}.Debug|iPhoneSimulator.ActiveCfg = Debug|Any CPU
		{F9738369-BF61-445A-A881-FD3A71F57EEE}.Debug|iPhoneSimulator.Build.0 = Debug|Any CPU
		{F9738369-BF61-445A-A881-FD3A71F57EEE}.Debug|x64.ActiveCfg = Debug|Any CPU
		{F9738369-BF61-445A-A881-FD3A71F57EEE}.Debug|x64.Build.0 = Debug|Any CPU
		{F9738369-BF61-445A-A881-FD3A71F57EEE}.Debug|x86.ActiveCfg = Debug|Any CPU
		{F9738369-BF61-445A-A881-FD3A71F57EEE}.Debug|x86.Build.0 = Debug|Any CPU
		{F9738369-BF61-445A-A881-FD3A71F57EEE}.Release|Any CPU.ActiveCfg = Release|Any CPU
		{F9738369-BF61-445A-A881-FD3A71F57EEE}.Release|Any CPU.Build.0 = Release|Any CPU
		{F9738369-BF61-445A-A881-FD3A71F57EEE}.Release|ARM.ActiveCfg = Release|Any CPU
		{F9738369-BF61-445A-A881-FD3A71F57EEE}.Release|ARM.Build.0 = Release|Any CPU
		{F9738369-BF61-445A-A881-FD3A71F57EEE}.Release|iPhone.ActiveCfg = Release|Any CPU
		{F9738369-BF61-445A-A881-FD3A71F57EEE}.Release|iPhone.Build.0 = Release|Any CPU
		{F9738369-BF61-445A-A881-FD3A71F57EEE}.Release|iPhoneSimulator.ActiveCfg = Release|Any CPU
		{F9738369-BF61-445A-A881-FD3A71F57EEE}.Release|iPhoneSimulator.Build.0 = Release|Any CPU
		{F9738369-BF61-445A-A881-FD3A71F57EEE}.Release|x64.ActiveCfg = Release|Any CPU
		{F9738369-BF61-445A-A881-FD3A71F57EEE}.Release|x64.Build.0 = Release|Any CPU
		{F9738369-BF61-445A-A881-FD3A71F57EEE}.Release|x86.ActiveCfg = Release|Any CPU
		{F9738369-BF61-445A-A881-FD3A71F57EEE}.Release|x86.Build.0 = Release|Any CPU
	EndGlobalSection
	GlobalSection(SolutionProperties) = preSolution
		HideSolutionNode = FALSE
	EndGlobalSection
	GlobalSection(NestedProjects) = preSolution
		{865330A4-5B96-4AE2-B4F5-4602F878641C} = {7B9A0D92-FA8A-41AD-A1FD-296D0C2F896A}
		{EF80A987-2E50-404D-8874-4D62973878C7} = {7B9A0D92-FA8A-41AD-A1FD-296D0C2F896A}
		{04518271-2F21-44F3-A029-4809650A9D04} = {7B9A0D92-FA8A-41AD-A1FD-296D0C2F896A}
		{8B996295-B2D0-46EE-BE2E-4DA12076A06A} = {7B9A0D92-FA8A-41AD-A1FD-296D0C2F896A}
		{316FD6A3-2C95-4A36-B7B6-5ADC7EB1F0D6} = {63965A55-59CA-4026-A618-BE34E867E69C}
		{304C8ED5-B5C3-4302-895A-5166E5852FAE} = {63965A55-59CA-4026-A618-BE34E867E69C}
		{F9738369-BF61-445A-A881-FD3A71F57EEE} = {97A891C9-6197-4F09-B6BB-1B6DE879FB20}
	EndGlobalSection
	GlobalSection(ExtensibilityGlobals) = postSolution
		SolutionGuid = {432FDA4D-0BF6-4E54-93EB-6AC4511D8CE7}
	EndGlobalSection
EndGlobal
