
Microsoft Visual Studio Solution File, Format Version 12.00
# Visual Studio 15
VisualStudioVersion = 15.0.28307.1401
MinimumVisualStudioVersion = 10.0.40219.1
Project("{FAE04EC0-301F-11D3-BF4B-00C04F79EFBC}") = "AZGame.Android", "AZGame\AZGame.Android\AZGame.Android.csproj", "{B7809FC7-9D5A-4F7E-B2C3-05430B75A785}"
EndProject
Project("{FAE04EC0-301F-11D3-BF4B-00C04F79EFBC}") = "AZGame.iOS", "AZGame\AZGame.iOS\AZGame.iOS.csproj", "{A795B19B-0AA9-4C21-9739-ED8E266171BC}"
EndProject
Project("{FAE04EC0-301F-11D3-BF4B-00C04F79EFBC}") = "AZGame.UWP", "AZGame\AZGame.UWP\AZGame.UWP.csproj", "{7E4E0087-DDAE-4213-BF2A-61A2B897EEAE}"
EndProject
Project("{FAE04EC0-301F-11D3-BF4B-00C04F79EFBC}") = "AZGame", "AZGame\AZGame\AZGame.csproj", "{14410CD4-53B1-431C-A94E-BD11F774CDCC}"
EndProject
Global
	GlobalSection(SolutionConfigurationPlatforms) = preSolution
		Ad-Hoc|Any CPU = Ad-Hoc|Any CPU
		Ad-Hoc|ARM = Ad-Hoc|ARM
		Ad-Hoc|iPhone = Ad-Hoc|iPhone
		Ad-Hoc|iPhoneSimulator = Ad-Hoc|iPhoneSimulator
		Ad-Hoc|x64 = Ad-Hoc|x64
		Ad-Hoc|x86 = Ad-Hoc|x86
		AppStore|Any CPU = AppStore|Any CPU
		AppStore|ARM = AppStore|ARM
		AppStore|iPhone = AppStore|iPhone
		AppStore|iPhoneSimulator = AppStore|iPhoneSimulator
		AppStore|x64 = AppStore|x64
		AppStore|x86 = AppStore|x86
		Debug|Any CPU = Debug|Any CPU
		Debug|ARM = Debug|ARM
		Debug|iPhone = Debug|iPhone
		Debug|iPhoneSimulator = Debug|iPhoneSimulator
		Debug|x64 = Debug|x64
		Debug|x86 = Debug|x86
		Release|Any CPU = Release|Any CPU
		Release|ARM = Release|ARM
		Release|iPhone = Release|iPhone
		Release|iPhoneSimulator = Release|iPhoneSimulator
		Release|x64 = Release|x64
		Release|x86 = Release|x86
	EndGlobalSection
	GlobalSection(ProjectConfigurationPlatforms) = postSolution
		{B7809FC7-9D5A-4F7E-B2C3-05430B75A785}.Ad-Hoc|Any CPU.ActiveCfg = Release|Any CPU
		{B7809FC7-9D5A-4F7E-B2C3-05430B75A785}.Ad-Hoc|Any CPU.Build.0 = Release|Any CPU
		{B7809FC7-9D5A-4F7E-B2C3-05430B75A785}.Ad-Hoc|Any CPU.Deploy.0 = Release|Any CPU
		{B7809FC7-9D5A-4F7E-B2C3-05430B75A785}.Ad-Hoc|ARM.ActiveCfg = Release|Any CPU
		{B7809FC7-9D5A-4F7E-B2C3-05430B75A785}.Ad-Hoc|ARM.Build.0 = Release|Any CPU
		{B7809FC7-9D5A-4F7E-B2C3-05430B75A785}.Ad-Hoc|ARM.Deploy.0 = Release|Any CPU
		{B7809FC7-9D5A-4F7E-B2C3-05430B75A785}.Ad-Hoc|iPhone.ActiveCfg = Release|Any CPU
		{B7809FC7-9D5A-4F7E-B2C3-05430B75A785}.Ad-Hoc|iPhone.Build.0 = Release|Any CPU
		{B7809FC7-9D5A-4F7E-B2C3-05430B75A785}.Ad-Hoc|iPhone.Deploy.0 = Release|Any CPU
		{B7809FC7-9D5A-4F7E-B2C3-05430B75A785}.Ad-Hoc|iPhoneSimulator.ActiveCfg = Release|Any CPU
		{B7809FC7-9D5A-4F7E-B2C3-05430B75A785}.Ad-Hoc|iPhoneSimulator.Build.0 = Release|Any CPU
		{B7809FC7-9D5A-4F7E-B2C3-05430B75A785}.Ad-Hoc|iPhoneSimulator.Deploy.0 = Release|Any CPU
		{B7809FC7-9D5A-4F7E-B2C3-05430B75A785}.Ad-Hoc|x64.ActiveCfg = Release|Any CPU
		{B7809FC7-9D5A-4F7E-B2C3-05430B75A785}.Ad-Hoc|x64.Build.0 = Release|Any CPU
		{B7809FC7-9D5A-4F7E-B2C3-05430B75A785}.Ad-Hoc|x64.Deploy.0 = Release|Any CPU
		{B7809FC7-9D5A-4F7E-B2C3-05430B75A785}.Ad-Hoc|x86.ActiveCfg = Release|Any CPU
		{B7809FC7-9D5A-4F7E-B2C3-05430B75A785}.Ad-Hoc|x86.Build.0 = Release|Any CPU
		{B7809FC7-9D5A-4F7E-B2C3-05430B75A785}.Ad-Hoc|x86.Deploy.0 = Release|Any CPU
		{B7809FC7-9D5A-4F7E-B2C3-05430B75A785}.AppStore|Any CPU.ActiveCfg = Release|Any CPU
		{B7809FC7-9D5A-4F7E-B2C3-05430B75A785}.AppStore|Any CPU.Build.0 = Release|Any CPU
		{B7809FC7-9D5A-4F7E-B2C3-05430B75A785}.AppStore|Any CPU.Deploy.0 = Release|Any CPU
		{B7809FC7-9D5A-4F7E-B2C3-05430B75A785}.AppStore|ARM.ActiveCfg = Release|Any CPU
		{B7809FC7-9D5A-4F7E-B2C3-05430B75A785}.AppStore|ARM.Build.0 = Release|Any CPU
		{B7809FC7-9D5A-4F7E-B2C3-05430B75A785}.AppStore|ARM.Deploy.0 = Release|Any CPU
		{B7809FC7-9D5A-4F7E-B2C3-05430B75A785}.AppStore|iPhone.ActiveCfg = Release|Any CPU
		{B7809FC7-9D5A-4F7E-B2C3-05430B75A785}.AppStore|iPhone.Build.0 = Release|Any CPU
		{B7809FC7-9D5A-4F7E-B2C3-05430B75A785}.AppStore|iPhone.Deploy.0 = Release|Any CPU
		{B7809FC7-9D5A-4F7E-B2C3-05430B75A785}.AppStore|iPhoneSimulator.ActiveCfg = Release|Any CPU
		{B7809FC7-9D5A-4F7E-B2C3-05430B75A785}.AppStore|iPhoneSimulator.Build.0 = Release|Any CPU
		{B7809FC7-9D5A-4F7E-B2C3-05430B75A785}.AppStore|iPhoneSimulator.Deploy.0 = Release|Any CPU
		{B7809FC7-9D5A-4F7E-B2C3-05430B75A785}.AppStore|x64.ActiveCfg = Release|Any CPU
		{B7809FC7-9D5A-4F7E-B2C3-05430B75A785}.AppStore|x64.Build.0 = Release|Any CPU
		{B7809FC7-9D5A-4F7E-B2C3-05430B75A785}.AppStore|x64.Deploy.0 = Release|Any CPU
		{B7809FC7-9D5A-4F7E-B2C3-05430B75A785}.AppStore|x86.ActiveCfg = Release|Any CPU
		{B7809FC7-9D5A-4F7E-B2C3-05430B75A785}.AppStore|x86.Build.0 = Release|Any CPU
		{B7809FC7-9D5A-4F7E-B2C3-05430B75A785}.AppStore|x86.Deploy.0 = Release|Any CPU
		{B7809FC7-9D5A-4F7E-B2C3-05430B75A785}.Debug|Any CPU.ActiveCfg = Debug|Any CPU
		{B7809FC7-9D5A-4F7E-B2C3-05430B75A785}.Debug|Any CPU.Build.0 = Debug|Any CPU
		{B7809FC7-9D5A-4F7E-B2C3-05430B75A785}.Debug|Any CPU.Deploy.0 = Debug|Any CPU
		{B7809FC7-9D5A-4F7E-B2C3-05430B75A785}.Debug|ARM.ActiveCfg = Debug|Any CPU
		{B7809FC7-9D5A-4F7E-B2C3-05430B75A785}.Debug|ARM.Build.0 = Debug|Any CPU
		{B7809FC7-9D5A-4F7E-B2C3-05430B75A785}.Debug|ARM.Deploy.0 = Debug|Any CPU
		{B7809FC7-9D5A-4F7E-B2C3-05430B75A785}.Debug|iPhone.ActiveCfg = Debug|Any CPU
		{B7809FC7-9D5A-4F7E-B2C3-05430B75A785}.Debug|iPhone.Build.0 = Debug|Any CPU
		{B7809FC7-9D5A-4F7E-B2C3-05430B75A785}.Debug|iPhone.Deploy.0 = Debug|Any CPU
		{B7809FC7-9D5A-4F7E-B2C3-05430B75A785}.Debug|iPhoneSimulator.ActiveCfg = Debug|Any CPU
		{B7809FC7-9D5A-4F7E-B2C3-05430B75A785}.Debug|iPhoneSimulator.Build.0 = Debug|Any CPU
		{B7809FC7-9D5A-4F7E-B2C3-05430B75A785}.Debug|iPhoneSimulator.Deploy.0 = Debug|Any CPU
		{B7809FC7-9D5A-4F7E-B2C3-05430B75A785}.Debug|x64.ActiveCfg = Debug|Any CPU
		{B7809FC7-9D5A-4F7E-B2C3-05430B75A785}.Debug|x64.Build.0 = Debug|Any CPU
		{B7809FC7-9D5A-4F7E-B2C3-05430B75A785}.Debug|x64.Deploy.0 = Debug|Any CPU
		{B7809FC7-9D5A-4F7E-B2C3-05430B75A785}.Debug|x86.ActiveCfg = Debug|Any CPU
		{B7809FC7-9D5A-4F7E-B2C3-05430B75A785}.Debug|x86.Build.0 = Debug|Any CPU
		{B7809FC7-9D5A-4F7E-B2C3-05430B75A785}.Debug|x86.Deploy.0 = Debug|Any CPU
		{B7809FC7-9D5A-4F7E-B2C3-05430B75A785}.Release|Any CPU.ActiveCfg = Release|Any CPU
		{B7809FC7-9D5A-4F7E-B2C3-05430B75A785}.Release|Any CPU.Build.0 = Release|Any CPU
		{B7809FC7-9D5A-4F7E-B2C3-05430B75A785}.Release|Any CPU.Deploy.0 = Release|Any CPU
		{B7809FC7-9D5A-4F7E-B2C3-05430B75A785}.Release|ARM.ActiveCfg = Release|Any CPU
		{B7809FC7-9D5A-4F7E-B2C3-05430B75A785}.Release|ARM.Build.0 = Release|Any CPU
		{B7809FC7-9D5A-4F7E-B2C3-05430B75A785}.Release|ARM.Deploy.0 = Release|Any CPU
		{B7809FC7-9D5A-4F7E-B2C3-05430B75A785}.Release|iPhone.ActiveCfg = Release|Any CPU
		{B7809FC7-9D5A-4F7E-B2C3-05430B75A785}.Release|iPhone.Build.0 = Release|Any CPU
		{B7809FC7-9D5A-4F7E-B2C3-05430B75A785}.Release|iPhone.Deploy.0 = Release|Any CPU
		{B7809FC7-9D5A-4F7E-B2C3-05430B75A785}.Release|iPhoneSimulator.ActiveCfg = Release|Any CPU
		{B7809FC7-9D5A-4F7E-B2C3-05430B75A785}.Release|iPhoneSimulator.Build.0 = Release|Any CPU
		{B7809FC7-9D5A-4F7E-B2C3-05430B75A785}.Release|iPhoneSimulator.Deploy.0 = Release|Any CPU
		{B7809FC7-9D5A-4F7E-B2C3-05430B75A785}.Release|x64.ActiveCfg = Release|Any CPU
		{B7809FC7-9D5A-4F7E-B2C3-05430B75A785}.Release|x64.Build.0 = Release|Any CPU
		{B7809FC7-9D5A-4F7E-B2C3-05430B75A785}.Release|x64.Deploy.0 = Release|Any CPU
		{B7809FC7-9D5A-4F7E-B2C3-05430B75A785}.Release|x86.ActiveCfg = Release|Any CPU
		{B7809FC7-9D5A-4F7E-B2C3-05430B75A785}.Release|x86.Build.0 = Release|Any CPU
		{B7809FC7-9D5A-4F7E-B2C3-05430B75A785}.Release|x86.Deploy.0 = Release|Any CPU
		{A795B19B-0AA9-4C21-9739-ED8E266171BC}.Ad-Hoc|Any CPU.ActiveCfg = Ad-Hoc|iPhone
		{A795B19B-0AA9-4C21-9739-ED8E266171BC}.Ad-Hoc|Any CPU.Build.0 = Ad-Hoc|iPhone
		{A795B19B-0AA9-4C21-9739-ED8E266171BC}.Ad-Hoc|Any CPU.Deploy.0 = Ad-Hoc|iPhone
		{A795B19B-0AA9-4C21-9739-ED8E266171BC}.Ad-Hoc|ARM.ActiveCfg = Ad-Hoc|iPhone
		{A795B19B-0AA9-4C21-9739-ED8E266171BC}.Ad-Hoc|ARM.Build.0 = Ad-Hoc|iPhone
		{A795B19B-0AA9-4C21-9739-ED8E266171BC}.Ad-Hoc|ARM.Deploy.0 = Ad-Hoc|iPhone
		{A795B19B-0AA9-4C21-9739-ED8E266171BC}.Ad-Hoc|iPhone.ActiveCfg = Ad-Hoc|iPhone
		{A795B19B-0AA9-4C21-9739-ED8E266171BC}.Ad-Hoc|iPhone.Build.0 = Ad-Hoc|iPhone
		{A795B19B-0AA9-4C21-9739-ED8E266171BC}.Ad-Hoc|iPhone.Deploy.0 = Ad-Hoc|iPhone
		{A795B19B-0AA9-4C21-9739-ED8E266171BC}.Ad-Hoc|iPhoneSimulator.ActiveCfg = Ad-Hoc|iPhoneSimulator
		{A795B19B-0AA9-4C21-9739-ED8E266171BC}.Ad-Hoc|iPhoneSimulator.Build.0 = Ad-Hoc|iPhoneSimulator
		{A795B19B-0AA9-4C21-9739-ED8E266171BC}.Ad-Hoc|iPhoneSimulator.Deploy.0 = Ad-Hoc|iPhoneSimulator
		{A795B19B-0AA9-4C21-9739-ED8E266171BC}.Ad-Hoc|x64.ActiveCfg = Ad-Hoc|iPhone
		{A795B19B-0AA9-4C21-9739-ED8E266171BC}.Ad-Hoc|x64.Build.0 = Ad-Hoc|iPhone
		{A795B19B-0AA9-4C21-9739-ED8E266171BC}.Ad-Hoc|x64.Deploy.0 = Ad-Hoc|iPhone
		{A795B19B-0AA9-4C21-9739-ED8E266171BC}.Ad-Hoc|x86.ActiveCfg = Ad-Hoc|iPhone
		{A795B19B-0AA9-4C21-9739-ED8E266171BC}.Ad-Hoc|x86.Build.0 = Ad-Hoc|iPhone
		{A795B19B-0AA9-4C21-9739-ED8E266171BC}.Ad-Hoc|x86.Deploy.0 = Ad-Hoc|iPhone
		{A795B19B-0AA9-4C21-9739-ED8E266171BC}.AppStore|Any CPU.ActiveCfg = AppStore|iPhone
		{A795B19B-0AA9-4C21-9739-ED8E266171BC}.AppStore|Any CPU.Build.0 = AppStore|iPhone
		{A795B19B-0AA9-4C21-9739-ED8E266171BC}.AppStore|Any CPU.Deploy.0 = AppStore|iPhone
		{A795B19B-0AA9-4C21-9739-ED8E266171BC}.AppStore|ARM.ActiveCfg = AppStore|iPhone
		{A795B19B-0AA9-4C21-9739-ED8E266171BC}.AppStore|ARM.Build.0 = AppStore|iPhone
		{A795B19B-0AA9-4C21-9739-ED8E266171BC}.AppStore|ARM.Deploy.0 = AppStore|iPhone
		{A795B19B-0AA9-4C21-9739-ED8E266171BC}.AppStore|iPhone.ActiveCfg = AppStore|iPhone
		{A795B19B-0AA9-4C21-9739-ED8E266171BC}.AppStore|iPhone.Build.0 = AppStore|iPhone
		{A795B19B-0AA9-4C21-9739-ED8E266171BC}.AppStore|iPhone.Deploy.0 = AppStore|iPhone
		{A795B19B-0AA9-4C21-9739-ED8E266171BC}.AppStore|iPhoneSimulator.ActiveCfg = AppStore|iPhoneSimulator
		{A795B19B-0AA9-4C21-9739-ED8E266171BC}.AppStore|iPhoneSimulator.Build.0 = AppStore|iPhoneSimulator
		{A795B19B-0AA9-4C21-9739-ED8E266171BC}.AppStore|iPhoneSimulator.Deploy.0 = AppStore|iPhoneSimulator
		{A795B19B-0AA9-4C21-9739-ED8E266171BC}.AppStore|x64.ActiveCfg = AppStore|iPhone
		{A795B19B-0AA9-4C21-9739-ED8E266171BC}.AppStore|x64.Build.0 = AppStore|iPhone
		{A795B19B-0AA9-4C21-9739-ED8E266171BC}.AppStore|x64.Deploy.0 = AppStore|iPhone
		{A795B19B-0AA9-4C21-9739-ED8E266171BC}.AppStore|x86.ActiveCfg = AppStore|iPhone
		{A795B19B-0AA9-4C21-9739-ED8E266171BC}.AppStore|x86.Build.0 = AppStore|iPhone
		{A795B19B-0AA9-4C21-9739-ED8E266171BC}.AppStore|x86.Deploy.0 = AppStore|iPhone
		{A795B19B-0AA9-4C21-9739-ED8E266171BC}.Debug|Any CPU.ActiveCfg = Debug|iPhoneSimulator
		{A795B19B-0AA9-4C21-9739-ED8E266171BC}.Debug|Any CPU.Build.0 = Debug|iPhoneSimulator
		{A795B19B-0AA9-4C21-9739-ED8E266171BC}.Debug|Any CPU.Deploy.0 = Debug|iPhoneSimulator
		{A795B19B-0AA9-4C21-9739-ED8E266171BC}.Debug|ARM.ActiveCfg = Debug|iPhone
		{A795B19B-0AA9-4C21-9739-ED8E266171BC}.Debug|ARM.Build.0 = Debug|iPhone
		{A795B19B-0AA9-4C21-9739-ED8E266171BC}.Debug|ARM.Deploy.0 = Debug|iPhone
		{A795B19B-0AA9-4C21-9739-ED8E266171BC}.Debug|iPhone.ActiveCfg = Debug|iPhone
		{A795B19B-0AA9-4C21-9739-ED8E266171BC}.Debug|iPhone.Build.0 = Debug|iPhone
		{A795B19B-0AA9-4C21-9739-ED8E266171BC}.Debug|iPhone.Deploy.0 = Debug|iPhone
		{A795B19B-0AA9-4C21-9739-ED8E266171BC}.Debug|iPhoneSimulator.ActiveCfg = Debug|iPhoneSimulator
		{A795B19B-0AA9-4C21-9739-ED8E266171BC}.Debug|iPhoneSimulator.Build.0 = Debug|iPhoneSimulator
		{A795B19B-0AA9-4C21-9739-ED8E266171BC}.Debug|iPhoneSimulator.Deploy.0 = Debug|iPhoneSimulator
		{A795B19B-0AA9-4C21-9739-ED8E266171BC}.Debug|x64.ActiveCfg = Debug|iPhone
		{A795B19B-0AA9-4C21-9739-ED8E266171BC}.Debug|x64.Build.0 = Debug|iPhone
		{A795B19B-0AA9-4C21-9739-ED8E266171BC}.Debug|x64.Deploy.0 = Debug|iPhone
		{A795B19B-0AA9-4C21-9739-ED8E266171BC}.Debug|x86.ActiveCfg = Debug|iPhone
		{A795B19B-0AA9-4C21-9739-ED8E266171BC}.Debug|x86.Build.0 = Debug|iPhone
		{A795B19B-0AA9-4C21-9739-ED8E266171BC}.Debug|x86.Deploy.0 = Debug|iPhone
		{A795B19B-0AA9-4C21-9739-ED8E266171BC}.Release|Any CPU.ActiveCfg = Release|iPhone
		{A795B19B-0AA9-4C21-9739-ED8E266171BC}.Release|Any CPU.Build.0 = Release|iPhone
		{A795B19B-0AA9-4C21-9739-ED8E266171BC}.Release|Any CPU.Deploy.0 = Release|iPhone
		{A795B19B-0AA9-4C21-9739-ED8E266171BC}.Release|ARM.ActiveCfg = Release|iPhone
		{A795B19B-0AA9-4C21-9739-ED8E266171BC}.Release|ARM.Build.0 = Release|iPhone
		{A795B19B-0AA9-4C21-9739-ED8E266171BC}.Release|ARM.Deploy.0 = Release|iPhone
		{A795B19B-0AA9-4C21-9739-ED8E266171BC}.Release|iPhone.ActiveCfg = Release|iPhone
		{A795B19B-0AA9-4C21-9739-ED8E266171BC}.Release|iPhone.Build.0 = Release|iPhone
		{A795B19B-0AA9-4C21-9739-ED8E266171BC}.Release|iPhone.Deploy.0 = Release|iPhone
		{A795B19B-0AA9-4C21-9739-ED8E266171BC}.Release|iPhoneSimulator.ActiveCfg = Release|iPhoneSimulator
		{A795B19B-0AA9-4C21-9739-ED8E266171BC}.Release|iPhoneSimulator.Build.0 = Release|iPhoneSimulator
		{A795B19B-0AA9-4C21-9739-ED8E266171BC}.Release|iPhoneSimulator.Deploy.0 = Release|iPhoneSimulator
		{A795B19B-0AA9-4C21-9739-ED8E266171BC}.Release|x64.ActiveCfg = Release|iPhone
		{A795B19B-0AA9-4C21-9739-ED8E266171BC}.Release|x64.Build.0 = Release|iPhone
		{A795B19B-0AA9-4C21-9739-ED8E266171BC}.Release|x64.Deploy.0 = Release|iPhone
		{A795B19B-0AA9-4C21-9739-ED8E266171BC}.Release|x86.ActiveCfg = Release|iPhone
		{A795B19B-0AA9-4C21-9739-ED8E266171BC}.Release|x86.Build.0 = Release|iPhone
		{A795B19B-0AA9-4C21-9739-ED8E266171BC}.Release|x86.Deploy.0 = Release|iPhone
		{7E4E0087-DDAE-4213-BF2A-61A2B897EEAE}.Ad-Hoc|Any CPU.ActiveCfg = Release|x86
		{7E4E0087-DDAE-4213-BF2A-61A2B897EEAE}.Ad-Hoc|Any CPU.Build.0 = Release|x86
		{7E4E0087-DDAE-4213-BF2A-61A2B897EEAE}.Ad-Hoc|Any CPU.Deploy.0 = Release|x86
		{7E4E0087-DDAE-4213-BF2A-61A2B897EEAE}.Ad-Hoc|ARM.ActiveCfg = Release|ARM
		{7E4E0087-DDAE-4213-BF2A-61A2B897EEAE}.Ad-Hoc|ARM.Build.0 = Release|ARM
		{7E4E0087-DDAE-4213-BF2A-61A2B897EEAE}.Ad-Hoc|ARM.Deploy.0 = Release|ARM
		{7E4E0087-DDAE-4213-BF2A-61A2B897EEAE}.Ad-Hoc|iPhone.ActiveCfg = Release|x86
		{7E4E0087-DDAE-4213-BF2A-61A2B897EEAE}.Ad-Hoc|iPhone.Build.0 = Release|x86
		{7E4E0087-DDAE-4213-BF2A-61A2B897EEAE}.Ad-Hoc|iPhone.Deploy.0 = Release|x86
		{7E4E0087-DDAE-4213-BF2A-61A2B897EEAE}.Ad-Hoc|iPhoneSimulator.ActiveCfg = Release|x86
		{7E4E0087-DDAE-4213-BF2A-61A2B897EEAE}.Ad-Hoc|iPhoneSimulator.Build.0 = Release|x86
		{7E4E0087-DDAE-4213-BF2A-61A2B897EEAE}.Ad-Hoc|iPhoneSimulator.Deploy.0 = Release|x86
		{7E4E0087-DDAE-4213-BF2A-61A2B897EEAE}.Ad-Hoc|x64.ActiveCfg = Release|x64
		{7E4E0087-DDAE-4213-BF2A-61A2B897EEAE}.Ad-Hoc|x64.Build.0 = Release|x64
		{7E4E0087-DDAE-4213-BF2A-61A2B897EEAE}.Ad-Hoc|x64.Deploy.0 = Release|x64
		{7E4E0087-DDAE-4213-BF2A-61A2B897EEAE}.Ad-Hoc|x86.ActiveCfg = Release|x86
		{7E4E0087-DDAE-4213-BF2A-61A2B897EEAE}.Ad-Hoc|x86.Build.0 = Release|x86
		{7E4E0087-DDAE-4213-BF2A-61A2B897EEAE}.Ad-Hoc|x86.Deploy.0 = Release|x86
		{7E4E0087-DDAE-4213-BF2A-61A2B897EEAE}.AppStore|Any CPU.ActiveCfg = Release|x86
		{7E4E0087-DDAE-4213-BF2A-61A2B897EEAE}.AppStore|Any CPU.Build.0 = Release|x86
		{7E4E0087-DDAE-4213-BF2A-61A2B897EEAE}.AppStore|Any CPU.Deploy.0 = Release|x86
		{7E4E0087-DDAE-4213-BF2A-61A2B897EEAE}.AppStore|ARM.ActiveCfg = Release|ARM
		{7E4E0087-DDAE-4213-BF2A-61A2B897EEAE}.AppStore|ARM.Build.0 = Release|ARM
		{7E4E0087-DDAE-4213-BF2A-61A2B897EEAE}.AppStore|ARM.Deploy.0 = Release|ARM
		{7E4E0087-DDAE-4213-BF2A-61A2B897EEAE}.AppStore|iPhone.ActiveCfg = Release|x86
		{7E4E0087-DDAE-4213-BF2A-61A2B897EEAE}.AppStore|iPhone.Build.0 = Release|x86
		{7E4E0087-DDAE-4213-BF2A-61A2B897EEAE}.AppStore|iPhone.Deploy.0 = Release|x86
		{7E4E0087-DDAE-4213-BF2A-61A2B897EEAE}.AppStore|iPhoneSimulator.ActiveCfg = Release|x86
		{7E4E0087-DDAE-4213-BF2A-61A2B897EEAE}.AppStore|iPhoneSimulator.Build.0 = Release|x86
		{7E4E0087-DDAE-4213-BF2A-61A2B897EEAE}.AppStore|iPhoneSimulator.Deploy.0 = Release|x86
		{7E4E0087-DDAE-4213-BF2A-61A2B897EEAE}.AppStore|x64.ActiveCfg = Release|x64
		{7E4E0087-DDAE-4213-BF2A-61A2B897EEAE}.AppStore|x64.Build.0 = Release|x64
		{7E4E0087-DDAE-4213-BF2A-61A2B897EEAE}.AppStore|x64.Deploy.0 = Release|x64
		{7E4E0087-DDAE-4213-BF2A-61A2B897EEAE}.AppStore|x86.ActiveCfg = Release|x86
		{7E4E0087-DDAE-4213-BF2A-61A2B897EEAE}.AppStore|x86.Build.0 = Release|x86
		{7E4E0087-DDAE-4213-BF2A-61A2B897EEAE}.AppStore|x86.Deploy.0 = Release|x86
		{7E4E0087-DDAE-4213-BF2A-61A2B897EEAE}.Debug|Any CPU.ActiveCfg = Debug|x86
		{7E4E0087-DDAE-4213-BF2A-61A2B897EEAE}.Debug|Any CPU.Build.0 = Debug|x86
		{7E4E0087-DDAE-4213-BF2A-61A2B897EEAE}.Debug|Any CPU.Deploy.0 = Debug|x86
		{7E4E0087-DDAE-4213-BF2A-61A2B897EEAE}.Debug|ARM.ActiveCfg = Debug|ARM
		{7E4E0087-DDAE-4213-BF2A-61A2B897EEAE}.Debug|ARM.Build.0 = Debug|ARM
		{7E4E0087-DDAE-4213-BF2A-61A2B897EEAE}.Debug|ARM.Deploy.0 = Debug|ARM
		{7E4E0087-DDAE-4213-BF2A-61A2B897EEAE}.Debug|iPhone.ActiveCfg = Debug|x86
		{7E4E0087-DDAE-4213-BF2A-61A2B897EEAE}.Debug|iPhone.Build.0 = Debug|x86
		{7E4E0087-DDAE-4213-BF2A-61A2B897EEAE}.Debug|iPhone.Deploy.0 = Debug|x86
		{7E4E0087-DDAE-4213-BF2A-61A2B897EEAE}.Debug|iPhoneSimulator.ActiveCfg = Debug|x86
		{7E4E0087-DDAE-4213-BF2A-61A2B897EEAE}.Debug|iPhoneSimulator.Build.0 = Debug|x86
		{7E4E0087-DDAE-4213-BF2A-61A2B897EEAE}.Debug|iPhoneSimulator.Deploy.0 = Debug|x86
		{7E4E0087-DDAE-4213-BF2A-61A2B897EEAE}.Debug|x64.ActiveCfg = Debug|x64
		{7E4E0087-DDAE-4213-BF2A-61A2B897EEAE}.Debug|x64.Build.0 = Debug|x64
		{7E4E0087-DDAE-4213-BF2A-61A2B897EEAE}.Debug|x64.Deploy.0 = Debug|x64
		{7E4E0087-DDAE-4213-BF2A-61A2B897EEAE}.Debug|x86.ActiveCfg = Debug|x86
		{7E4E0087-DDAE-4213-BF2A-61A2B897EEAE}.Debug|x86.Build.0 = Debug|x86
		{7E4E0087-DDAE-4213-BF2A-61A2B897EEAE}.Debug|x86.Deploy.0 = Debug|x86
		{7E4E0087-DDAE-4213-BF2A-61A2B897EEAE}.Release|Any CPU.ActiveCfg = Release|x86
		{7E4E0087-DDAE-4213-BF2A-61A2B897EEAE}.Release|Any CPU.Build.0 = Release|x86
		{7E4E0087-DDAE-4213-BF2A-61A2B897EEAE}.Release|Any CPU.Deploy.0 = Release|x86
		{7E4E0087-DDAE-4213-BF2A-61A2B897EEAE}.Release|ARM.ActiveCfg = Release|ARM
		{7E4E0087-DDAE-4213-BF2A-61A2B897EEAE}.Release|ARM.Build.0 = Release|ARM
		{7E4E0087-DDAE-4213-BF2A-61A2B897EEAE}.Release|ARM.Deploy.0 = Release|ARM
		{7E4E0087-DDAE-4213-BF2A-61A2B897EEAE}.Release|iPhone.ActiveCfg = Release|x86
		{7E4E0087-DDAE-4213-BF2A-61A2B897EEAE}.Release|iPhone.Build.0 = Release|x86
		{7E4E0087-DDAE-4213-BF2A-61A2B897EEAE}.Release|iPhone.Deploy.0 = Release|x86
		{7E4E0087-DDAE-4213-BF2A-61A2B897EEAE}.Release|iPhoneSimulator.ActiveCfg = Release|x86
		{7E4E0087-DDAE-4213-BF2A-61A2B897EEAE}.Release|iPhoneSimulator.Build.0 = Release|x86
		{7E4E0087-DDAE-4213-BF2A-61A2B897EEAE}.Release|iPhoneSimulator.Deploy.0 = Release|x86
		{7E4E0087-DDAE-4213-BF2A-61A2B897EEAE}.Release|x64.ActiveCfg = Release|x64
		{7E4E0087-DDAE-4213-BF2A-61A2B897EEAE}.Release|x64.Build.0 = Release|x64
		{7E4E0087-DDAE-4213-BF2A-61A2B897EEAE}.Release|x64.Deploy.0 = Release|x64
		{7E4E0087-DDAE-4213-BF2A-61A2B897EEAE}.Release|x86.ActiveCfg = Release|x86
		{7E4E0087-DDAE-4213-BF2A-61A2B897EEAE}.Release|x86.Build.0 = Release|x86
		{7E4E0087-DDAE-4213-BF2A-61A2B897EEAE}.Release|x86.Deploy.0 = Release|x86
		{14410CD4-53B1-431C-A94E-BD11F774CDCC}.Ad-Hoc|Any CPU.ActiveCfg = Debug|Any CPU
		{14410CD4-53B1-431C-A94E-BD11F774CDCC}.Ad-Hoc|Any CPU.Build.0 = Debug|Any CPU
		{14410CD4-53B1-431C-A94E-BD11F774CDCC}.Ad-Hoc|Any CPU.Deploy.0 = Debug|Any CPU
		{14410CD4-53B1-431C-A94E-BD11F774CDCC}.Ad-Hoc|ARM.ActiveCfg = Debug|Any CPU
		{14410CD4-53B1-431C-A94E-BD11F774CDCC}.Ad-Hoc|ARM.Build.0 = Debug|Any CPU
		{14410CD4-53B1-431C-A94E-BD11F774CDCC}.Ad-Hoc|ARM.Deploy.0 = Debug|Any CPU
		{14410CD4-53B1-431C-A94E-BD11F774CDCC}.Ad-Hoc|iPhone.ActiveCfg = Debug|Any CPU
		{14410CD4-53B1-431C-A94E-BD11F774CDCC}.Ad-Hoc|iPhone.Build.0 = Debug|Any CPU
		{14410CD4-53B1-431C-A94E-BD11F774CDCC}.Ad-Hoc|iPhone.Deploy.0 = Debug|Any CPU
		{14410CD4-53B1-431C-A94E-BD11F774CDCC}.Ad-Hoc|iPhoneSimulator.ActiveCfg = Debug|Any CPU
		{14410CD4-53B1-431C-A94E-BD11F774CDCC}.Ad-Hoc|iPhoneSimulator.Build.0 = Debug|Any CPU
		{14410CD4-53B1-431C-A94E-BD11F774CDCC}.Ad-Hoc|iPhoneSimulator.Deploy.0 = Debug|Any CPU
		{14410CD4-53B1-431C-A94E-BD11F774CDCC}.Ad-Hoc|x64.ActiveCfg = Debug|Any CPU
		{14410CD4-53B1-431C-A94E-BD11F774CDCC}.Ad-Hoc|x64.Build.0 = Debug|Any CPU
		{14410CD4-53B1-431C-A94E-BD11F774CDCC}.Ad-Hoc|x64.Deploy.0 = Debug|Any CPU
		{14410CD4-53B1-431C-A94E-BD11F774CDCC}.Ad-Hoc|x86.ActiveCfg = Debug|Any CPU
		{14410CD4-53B1-431C-A94E-BD11F774CDCC}.Ad-Hoc|x86.Build.0 = Debug|Any CPU
		{14410CD4-53B1-431C-A94E-BD11F774CDCC}.Ad-Hoc|x86.Deploy.0 = Debug|Any CPU
		{14410CD4-53B1-431C-A94E-BD11F774CDCC}.AppStore|Any CPU.ActiveCfg = Debug|Any CPU
		{14410CD4-53B1-431C-A94E-BD11F774CDCC}.AppStore|Any CPU.Build.0 = Debug|Any CPU
		{14410CD4-53B1-431C-A94E-BD11F774CDCC}.AppStore|Any CPU.Deploy.0 = Debug|Any CPU
		{14410CD4-53B1-431C-A94E-BD11F774CDCC}.AppStore|ARM.ActiveCfg = Debug|Any CPU
		{14410CD4-53B1-431C-A94E-BD11F774CDCC}.AppStore|ARM.Build.0 = Debug|Any CPU
		{14410CD4-53B1-431C-A94E-BD11F774CDCC}.AppStore|ARM.Deploy.0 = Debug|Any CPU
		{14410CD4-53B1-431C-A94E-BD11F774CDCC}.AppStore|iPhone.ActiveCfg = Debug|Any CPU
		{14410CD4-53B1-431C-A94E-BD11F774CDCC}.AppStore|iPhone.Build.0 = Debug|Any CPU
		{14410CD4-53B1-431C-A94E-BD11F774CDCC}.AppStore|iPhone.Deploy.0 = Debug|Any CPU
		{14410CD4-53B1-431C-A94E-BD11F774CDCC}.AppStore|iPhoneSimulator.ActiveCfg = Debug|Any CPU
		{14410CD4-53B1-431C-A94E-BD11F774CDCC}.AppStore|iPhoneSimulator.Build.0 = Debug|Any CPU
		{14410CD4-53B1-431C-A94E-BD11F774CDCC}.AppStore|iPhoneSimulator.Deploy.0 = Debug|Any CPU
		{14410CD4-53B1-431C-A94E-BD11F774CDCC}.AppStore|x64.ActiveCfg = Debug|Any CPU
		{14410CD4-53B1-431C-A94E-BD11F774CDCC}.AppStore|x64.Build.0 = Debug|Any CPU
		{14410CD4-53B1-431C-A94E-BD11F774CDCC}.AppStore|x64.Deploy.0 = Debug|Any CPU
		{14410CD4-53B1-431C-A94E-BD11F774CDCC}.AppStore|x86.ActiveCfg = Debug|Any CPU
		{14410CD4-53B1-431C-A94E-BD11F774CDCC}.AppStore|x86.Build.0 = Debug|Any CPU
		{14410CD4-53B1-431C-A94E-BD11F774CDCC}.AppStore|x86.Deploy.0 = Debug|Any CPU
		{14410CD4-53B1-431C-A94E-BD11F774CDCC}.Debug|Any CPU.ActiveCfg = Debug|Any CPU
		{14410CD4-53B1-431C-A94E-BD11F774CDCC}.Debug|Any CPU.Build.0 = Debug|Any CPU
		{14410CD4-53B1-431C-A94E-BD11F774CDCC}.Debug|Any CPU.Deploy.0 = Debug|Any CPU
		{14410CD4-53B1-431C-A94E-BD11F774CDCC}.Debug|ARM.ActiveCfg = Debug|Any CPU
		{14410CD4-53B1-431C-A94E-BD11F774CDCC}.Debug|ARM.Build.0 = Debug|Any CPU
		{14410CD4-53B1-431C-A94E-BD11F774CDCC}.Debug|ARM.Deploy.0 = Debug|Any CPU
		{14410CD4-53B1-431C-A94E-BD11F774CDCC}.Debug|iPhone.ActiveCfg = Debug|Any CPU
		{14410CD4-53B1-431C-A94E-BD11F774CDCC}.Debug|iPhone.Build.0 = Debug|Any CPU
		{14410CD4-53B1-431C-A94E-BD11F774CDCC}.Debug|iPhone.Deploy.0 = Debug|Any CPU
		{14410CD4-53B1-431C-A94E-BD11F774CDCC}.Debug|iPhoneSimulator.ActiveCfg = Debug|Any CPU
		{14410CD4-53B1-431C-A94E-BD11F774CDCC}.Debug|iPhoneSimulator.Build.0 = Debug|Any CPU
		{14410CD4-53B1-431C-A94E-BD11F774CDCC}.Debug|iPhoneSimulator.Deploy.0 = Debug|Any CPU
		{14410CD4-53B1-431C-A94E-BD11F774CDCC}.Debug|x64.ActiveCfg = Debug|Any CPU
		{14410CD4-53B1-431C-A94E-BD11F774CDCC}.Debug|x64.Build.0 = Debug|Any CPU
		{14410CD4-53B1-431C-A94E-BD11F774CDCC}.Debug|x64.Deploy.0 = Debug|Any CPU
		{14410CD4-53B1-431C-A94E-BD11F774CDCC}.Debug|x86.ActiveCfg = Debug|Any CPU
		{14410CD4-53B1-431C-A94E-BD11F774CDCC}.Debug|x86.Build.0 = Debug|Any CPU
		{14410CD4-53B1-431C-A94E-BD11F774CDCC}.Debug|x86.Deploy.0 = Debug|Any CPU
		{14410CD4-53B1-431C-A94E-BD11F774CDCC}.Release|Any CPU.ActiveCfg = Release|Any CPU
		{14410CD4-53B1-431C-A94E-BD11F774CDCC}.Release|Any CPU.Build.0 = Release|Any CPU
		{14410CD4-53B1-431C-A94E-BD11F774CDCC}.Release|Any CPU.Deploy.0 = Release|Any CPU
		{14410CD4-53B1-431C-A94E-BD11F774CDCC}.Release|ARM.ActiveCfg = Release|Any CPU
		{14410CD4-53B1-431C-A94E-BD11F774CDCC}.Release|ARM.Build.0 = Release|Any CPU
		{14410CD4-53B1-431C-A94E-BD11F774CDCC}.Release|ARM.Deploy.0 = Release|Any CPU
		{14410CD4-53B1-431C-A94E-BD11F774CDCC}.Release|iPhone.ActiveCfg = Release|Any CPU
		{14410CD4-53B1-431C-A94E-BD11F774CDCC}.Release|iPhone.Build.0 = Release|Any CPU
		{14410CD4-53B1-431C-A94E-BD11F774CDCC}.Release|iPhone.Deploy.0 = Release|Any CPU
		{14410CD4-53B1-431C-A94E-BD11F774CDCC}.Release|iPhoneSimulator.ActiveCfg = Release|Any CPU
		{14410CD4-53B1-431C-A94E-BD11F774CDCC}.Release|iPhoneSimulator.Build.0 = Release|Any CPU
		{14410CD4-53B1-431C-A94E-BD11F774CDCC}.Release|iPhoneSimulator.Deploy.0 = Release|Any CPU
		{14410CD4-53B1-431C-A94E-BD11F774CDCC}.Release|x64.ActiveCfg = Release|Any CPU
		{14410CD4-53B1-431C-A94E-BD11F774CDCC}.Release|x64.Build.0 = Release|Any CPU
		{14410CD4-53B1-431C-A94E-BD11F774CDCC}.Release|x64.Deploy.0 = Release|Any CPU
		{14410CD4-53B1-431C-A94E-BD11F774CDCC}.Release|x86.ActiveCfg = Release|Any CPU
		{14410CD4-53B1-431C-A94E-BD11F774CDCC}.Release|x86.Build.0 = Release|Any CPU
		{14410CD4-53B1-431C-A94E-BD11F774CDCC}.Release|x86.Deploy.0 = Release|Any CPU
	EndGlobalSection
	GlobalSection(SolutionProperties) = preSolution
		HideSolutionNode = FALSE
	EndGlobalSection
	GlobalSection(ExtensibilityGlobals) = postSolution
		SolutionGuid = {1DFB1E4C-224C-4BCF-B1A9-A1DCD98FCE5D}
	EndGlobalSection
EndGlobal
